<?xml version="1.0" encoding="UTF-8" standalone="yes" ?>
<CodeBlocks_project_file>
	<FileVersion major="1" minor="6" />
	<Project>
		<Option title="jump-sfml" />
		<Option pch_mode="2" />
		<Option compiler="gcc" />
		<Build>
			<Target title="Debug">
				<Option output="bin/Debug/jump-sfml" prefix_auto="1" extension_auto="1" />
				<Option object_output="obj/Debug/" />
				<Option type="1" />
				<Option compiler="gcc" />
				<Compiler>
					<Add option="-g" />
					<Add directory="include" />
				</Compiler>
				<Linker>
					<Add library="sfml-graphics-d" />
					<Add library="sfml-window-d" />
					<Add library="sfml-system-d" />
				</Linker>
			</Target>
			<Target title="Release">
				<Option output="bin/Release/jump-sfml" prefix_auto="1" extension_auto="1" />
				<Option object_output="obj/Release/" />
				<Option type="1" />
				<Option compiler="gcc" />
				<Compiler>
					<Add option="-O2" />
					<Add directory="include" />
				</Compiler>
				<Linker>
					<Add option="-s" />
					<Add library="sfml-graphics" />
					<Add library="sfml-window" />
					<Add library="sfml-system" />
				</Linker>
			</Target>
		</Build>
		<Compiler>
			<Add option="-Wall" />
			<Add option="-std=c++14" />
			<Add option="-fexceptions" />
			<Add directory="%SFML_DIR%/include" />
		</Compiler>
		<Linker>
			<Add directory="%SFML_DIR%/lib" />
		</Linker>
		<Unit filename="Consts.h" />
		<Unit filename="States.h" />
		<Unit filename="assets/background.png" />
		<Unit filename="assets/background_scroll.png" />
		<Unit filename="assets/font.ttf" />
		<Unit filename="include/Application.h" />
		<Unit filename="include/BackgroundRenderer.h" />
		<Unit filename="include/Entity.h" />
		<Unit filename="include/PauseState.h" />
		<Unit filename="include/Player.h" />
		<Unit filename="include/PlayingState.h" />
		<Unit filename="include/ResourceHolder.h" />
		<Unit filename="include/State.h" />
		<Unit filename="include/StateManager.h" />
		<Unit filename="include/Utils.h" />
		<Unit filename="include/Wall.h" />
		<Unit filename="include/random.h" />
		<Unit filename="main.cpp" />
		<Unit filename="src/Application.cpp" />
		<Unit filename="src/BackgroundRenderer.cpp" />
		<Unit filename="src/PauseState.cpp" />
		<Unit filename="src/Player.cpp" />
		<Unit filename="src/PlayingState.cpp" />
		<Unit filename="src/StateManager.cpp" />
		<Unit filename="src/Wall.cpp" />
		<Unit filename="src/random.cpp" />
		<Extensions>
			<code_completion />
			<envvars />
			<debugger />
			<lib_finder disable_auto="1" />
		</Extensions>
	</Project>
</CodeBlocks_project_file>
